
Microsoft Visual Studio Solution File, Format Version 12.00
# Visual Studio Version 17
VisualStudioVersion = 17.4.33205.214
MinimumVisualStudioVersion = 10.0.40219.1
Project("{FAE04EC0-301F-11D3-BF4B-00C04F79EFBC}") = "EntityFramework_DemoProject", "EntityFramework_DemoProject.csproj", "{709E6A6D-A881-4EBF-8724-7308B3C4A806}"
EndProject
Global
	GlobalSection(SolutionConfigurationPlatforms) = preSolution
		Debug|Any CPU = Debug|Any CPU
		Release|Any CPU = Release|Any CPU
	EndGlobalSection
	GlobalSection(ProjectConfigurationPlatforms) = postSolution
		{709E6A6D-A881-4EBF-8724-7308B3C4A806}.Debug|Any CPU.ActiveCfg = Debug|Any CPU
		{709E6A6D-A881-4EBF-8724-7308B3C4A806}.Debug|Any CPU.Build.0 = Debug|Any CPU
		{709E6A6D-A881-4EBF-8724-7308B3C4A806}.Release|Any CPU.ActiveCfg = Release|Any CPU
		{709E6A6D-A881-4EBF-8724-7308B3C4A806}.Release|Any CPU.Build.0 = Release|Any CPU
	EndGlobalSection
	GlobalSection(SolutionProperties) = preSolution
		HideSolutionNode = FALSE
	EndGlobalSection
	GlobalSection(ExtensibilityGlobals) = postSolution
		SolutionGuid = {170B2519-12DA-4514-A4D5-08EE4FAF1F5F}
	EndGlobalSection
EndGlobal
